github.com/gorilla/schema v1.4.1 h1:jUg5hUjCSDZpNGLuXQOgIWGdlgrIdYvgQ0wZtdK1M3E=
github.com/gorilla/schema v1.4.1/go.mod h1:Dg5SSm5PV60mhF2NFaTV1xuYYj8tV8NOPRo4FggUMnM=
github.com/heptalium/envconfig v1.4.1 h1:ATIypxV8D4wRiFrMoCUHfZjArf0WalSjgVOmDk45e94=
github.com/heptalium/envconfig v1.4.1/go.mod h1:WMqDZoF6yCPqRzpsuLAXQej7cioy5xUcRuaArFotTII=
github.com/heptalium/httputil v1.0.0 h1:xjtZ8EMMzVofPWIwgas0Pyf4vNtIX9RTzTfNhBl/CrY=
github.com/heptalium/httputil v1.0.0/go.mod h1:VtnPYeDSHj0FbBVTA0FG53G0fYJDp6atWtNOJlX8Cwc=
gopkg.in/check.v1 v0.0.0-20161208181325-20d25e280405 h1:yhCVgyC4o1eVCa2tZl7eS0r+SDo693bJlVdllGtEeKM=
gopkg.in/check.v1 v0.0.0-20161208181325-20d25e280405/go.mod h1:Co6ibVJAznAaIkqp8huTwlJQCZ016jof/cbN4VW5Yz0=
gopkg.in/yaml.v2 v2.4.0 h1:D8xgwECY7CYvx+Y2n4sBz93Jn9JRvxdiyyo8CTfuKaY=
gopkg.in/yaml.v2 v2.4.0/go.mod h1:RDklbk79AGWmwhnvt/jBztapEOGDOx6ZbXqjP6csGnQ=
